// !$*UTF8*$!
{
	archiveVersion = 1;
	classes = {
	};
	objectVersion = 52;
	objects = {

/* Begin PBXBuildFile section */
		A6222D9725E3E26000D9AC1C /* SheetAddExerciseView.swift in Sources */ = {isa = PBXBuildFile; fileRef = A6222D9625E3E26000D9AC1C /* SheetAddExerciseView.swift */; };
		A6222DA525E44A4000D9AC1C /* ExerciseItemView.swift in Sources */ = {isa = PBXBuildFile; fileRef = A6222DA425E44A4000D9AC1C /* ExerciseItemView.swift */; };
		A623D6C525D489960077888F /* PlateView.swift in Sources */ = {isa = PBXBuildFile; fileRef = A623D6C425D489960077888F /* PlateView.swift */; };
		A625D2F825DAA0ED001A7C15 /* Alert.swift in Sources */ = {isa = PBXBuildFile; fileRef = A625D2F725DAA0ED001A7C15 /* Alert.swift */; };
		A626D4D925D6824D00A87687 /* WorkoutsCoreData.xcdatamodeld in Sources */ = {isa = PBXBuildFile; fileRef = A626D4D725D6824C00A87687 /* WorkoutsCoreData.xcdatamodeld */; };
		A626D4DC25D682B100A87687 /* Persistence.swift in Sources */ = {isa = PBXBuildFile; fileRef = A626D4DB25D682B100A87687 /* Persistence.swift */; };
		A62A568025D12EF600FF2E33 /* Stopwatch.swift in Sources */ = {isa = PBXBuildFile; fileRef = A62A567F25D12EF600FF2E33 /* Stopwatch.swift */; };
		A62A568325D134F800FF2E33 /* Utils.swift in Sources */ = {isa = PBXBuildFile; fileRef = A62A568225D134F800FF2E33 /* Utils.swift */; };
		A62A568F25D1466C00FF2E33 /* LapModel.swift in Sources */ = {isa = PBXBuildFile; fileRef = A62A568E25D1466C00FF2E33 /* LapModel.swift */; };
		A63D27FE25E2F70600F9A1EF /* timer_sound.wav in Resources */ = {isa = PBXBuildFile; fileRef = A63D27FC25E2F70500F9A1EF /* timer_sound.wav */; };
		A63D27FF25E2F70600F9A1EF /* intervaltimer_sound.wav in Resources */ = {isa = PBXBuildFile; fileRef = A63D27FD25E2F70600F9A1EF /* intervaltimer_sound.wav */; };
		A63D280625E2FD0500F9A1EF /* MediaUtils.swift in Sources */ = {isa = PBXBuildFile; fileRef = A63D280525E2FD0500F9A1EF /* MediaUtils.swift */; };
		A63D280C25E30E0000F9A1EF /* SDWebImageSwiftUI in Frameworks */ = {isa = PBXBuildFile; productRef = A63D280B25E30E0000F9A1EF /* SDWebImageSwiftUI */; };
		A65714D625DAEA7200C2231D /* ExercisesView.swift in Sources */ = {isa = PBXBuildFile; fileRef = A65714D525DAEA7200C2231D /* ExercisesView.swift */; };
		A6585D9E25CC3234007D2F1E /* StopwatchView.swift in Sources */ = {isa = PBXBuildFile; fileRef = A6585D9D25CC3234007D2F1E /* StopwatchView.swift */; };
		A6585DA225CC3246007D2F1E /* TimerView.swift in Sources */ = {isa = PBXBuildFile; fileRef = A6585DA125CC3246007D2F1E /* TimerView.swift */; };
		A6585DA525CC3257007D2F1E /* IntervalTimerView.swift in Sources */ = {isa = PBXBuildFile; fileRef = A6585DA425CC3257007D2F1E /* IntervalTimerView.swift */; };
		A6585DA825CC3269007D2F1E /* PlateCalculatorView.swift in Sources */ = {isa = PBXBuildFile; fileRef = A6585DA725CC3269007D2F1E /* PlateCalculatorView.swift */; };
		A6585DAB25CC327F007D2F1E /* CountView.swift in Sources */ = {isa = PBXBuildFile; fileRef = A6585DAA25CC327F007D2F1E /* CountView.swift */; };
		A65FF83725DEFEE30020BA9A /* Round+CoreDataClass.swift in Sources */ = {isa = PBXBuildFile; fileRef = A65FF83125DEFEE30020BA9A /* Round+CoreDataClass.swift */; };
		A65FF83825DEFEE30020BA9A /* Round+CoreDataProperties.swift in Sources */ = {isa = PBXBuildFile; fileRef = A65FF83225DEFEE30020BA9A /* Round+CoreDataProperties.swift */; };
		A65FF83925DEFEE30020BA9A /* Workout+CoreDataClass.swift in Sources */ = {isa = PBXBuildFile; fileRef = A65FF83325DEFEE30020BA9A /* Workout+CoreDataClass.swift */; };
		A65FF83A25DEFEE30020BA9A /* Workout+CoreDataProperties.swift in Sources */ = {isa = PBXBuildFile; fileRef = A65FF83425DEFEE30020BA9A /* Workout+CoreDataProperties.swift */; };
		A6609B4425D5A6350053C765 /* Count.swift in Sources */ = {isa = PBXBuildFile; fileRef = A6609B4325D5A6350053C765 /* Count.swift */; };
		A675AB4E25C43CA700680A55 /* ExerciseHubApp.swift in Sources */ = {isa = PBXBuildFile; fileRef = A675AB4D25C43CA700680A55 /* ExerciseHubApp.swift */; };
		A675AB5025C43CA700680A55 /* ContentView.swift in Sources */ = {isa = PBXBuildFile; fileRef = A675AB4F25C43CA700680A55 /* ContentView.swift */; };
		A675AB5225C43CA800680A55 /* Assets.xcassets in Resources */ = {isa = PBXBuildFile; fileRef = A675AB5125C43CA800680A55 /* Assets.xcassets */; };
		A675AB5525C43CA900680A55 /* Preview Assets.xcassets in Resources */ = {isa = PBXBuildFile; fileRef = A675AB5425C43CA900680A55 /* Preview Assets.xcassets */; };
		A67BDFC725C81388007D5ACD /* ToolsView.swift in Sources */ = {isa = PBXBuildFile; fileRef = A67BDFC625C81388007D5ACD /* ToolsView.swift */; };
		A67BDFCB25C813BC007D5ACD /* WorkoutsView.swift in Sources */ = {isa = PBXBuildFile; fileRef = A67BDFCA25C813BC007D5ACD /* WorkoutsView.swift */; };
		A67BDFCE25C813CF007D5ACD /* LibraryView.swift in Sources */ = {isa = PBXBuildFile; fileRef = A67BDFCD25C813CF007D5ACD /* LibraryView.swift */; };
		A68585DC25E5083300E8BDCC /* Exercise+CoreDataClass.swift in Sources */ = {isa = PBXBuildFile; fileRef = A68585DA25E5083300E8BDCC /* Exercise+CoreDataClass.swift */; };
		A68585DD25E5083300E8BDCC /* Exercise+CoreDataProperties.swift in Sources */ = {isa = PBXBuildFile; fileRef = A68585DB25E5083300E8BDCC /* Exercise+CoreDataProperties.swift */; };
		A68585E625E5225C00E8BDCC /* HeaderView.swift in Sources */ = {isa = PBXBuildFile; fileRef = A68585E525E5225C00E8BDCC /* HeaderView.swift */; };
		A688B64925D29C2F009D10AE /* CountdownTimer.swift in Sources */ = {isa = PBXBuildFile; fileRef = A688B64825D29C2F009D10AE /* CountdownTimer.swift */; };
		A688B64E25D29EEE009D10AE /* BlankButtonView.swift in Sources */ = {isa = PBXBuildFile; fileRef = A688B64D25D29EEE009D10AE /* BlankButtonView.swift */; };
		A688B65125D2B571009D10AE /* PopoverSetTime.swift in Sources */ = {isa = PBXBuildFile; fileRef = A688B65025D2B571009D10AE /* PopoverSetTime.swift */; };
		A69487E925E59A2700FFEC04 /* MyWorkoutsView.swift in Sources */ = {isa = PBXBuildFile; fileRef = A69487E825E59A2700FFEC04 /* MyWorkoutsView.swift */; };
		A69487EC25E59ADB00FFEC04 /* DefaultWorkoutsView.swift in Sources */ = {isa = PBXBuildFile; fileRef = A69487EB25E59ADB00FFEC04 /* DefaultWorkoutsView.swift */; };
		A69487EF25E5AC4A00FFEC04 /* FetchWorkouts.swift in Sources */ = {isa = PBXBuildFile; fileRef = A69487EE25E5AC4A00FFEC04 /* FetchWorkouts.swift */; };
		A69487F225E5ACC600FFEC04 /* WorkoutModel.swift in Sources */ = {isa = PBXBuildFile; fileRef = A69487F125E5ACC600FFEC04 /* WorkoutModel.swift */; };
		A69487F525E5AE2B00FFEC04 /* WorkoutItemView.swift in Sources */ = {isa = PBXBuildFile; fileRef = A69487F425E5AE2B00FFEC04 /* WorkoutItemView.swift */; };
		A6B68C3E25C9812B009F3493 /* SheetVideo.swift in Sources */ = {isa = PBXBuildFile; fileRef = A6B68C3D25C9812B009F3493 /* SheetVideo.swift */; };
		A6BDDDF825D3D0DA00887949 /* SetTimeButtonView.swift in Sources */ = {isa = PBXBuildFile; fileRef = A6BDDDF725D3D0DA00887949 /* SetTimeButtonView.swift */; };
		A6BDDDFC25D3D65D00887949 /* PlayButtonView.swift in Sources */ = {isa = PBXBuildFile; fileRef = A6BDDDFB25D3D65D00887949 /* PlayButtonView.swift */; };
		A6BDDE0C25D3E57200887949 /* IntervalTimer.swift in Sources */ = {isa = PBXBuildFile; fileRef = A6BDDE0B25D3E57200887949 /* IntervalTimer.swift */; };
		A6CA03D825E1907800B4922A /* WarmUpView.swift in Sources */ = {isa = PBXBuildFile; fileRef = A6CA03D725E1907800B4922A /* WarmUpView.swift */; };
		A6D3911F25C83F3D00AB4921 /* LibraryModel.swift in Sources */ = {isa = PBXBuildFile; fileRef = A6D3911E25C83F3D00AB4921 /* LibraryModel.swift */; };
		A6D3912225C83F6800AB4921 /* FetchLibrary.swift in Sources */ = {isa = PBXBuildFile; fileRef = A6D3912125C83F6800AB4921 /* FetchLibrary.swift */; };
		A6D3912725C8400E00AB4921 /* LibraryItemView.swift in Sources */ = {isa = PBXBuildFile; fileRef = A6D3912625C8400E00AB4921 /* LibraryItemView.swift */; };
		A6D7862D25E29A3C00345DE0 /* UserDefaultsUtils.swift in Sources */ = {isa = PBXBuildFile; fileRef = A6D7862C25E29A3C00345DE0 /* UserDefaultsUtils.swift */; };
/* End PBXBuildFile section */

/* Begin PBXFileReference section */
		A6222D9625E3E26000D9AC1C /* SheetAddExerciseView.swift */ = {isa = PBXFileReference; lastKnownFileType = sourcecode.swift; path = SheetAddExerciseView.swift; sourceTree = "<group>"; };
		A6222DA425E44A4000D9AC1C /* ExerciseItemView.swift */ = {isa = PBXFileReference; lastKnownFileType = sourcecode.swift; path = ExerciseItemView.swift; sourceTree = "<group>"; };
		A623D6C425D489960077888F /* PlateView.swift */ = {isa = PBXFileReference; lastKnownFileType = sourcecode.swift; path = PlateView.swift; sourceTree = "<group>"; };
		A625D2F725DAA0ED001A7C15 /* Alert.swift */ = {isa = PBXFileReference; lastKnownFileType = sourcecode.swift; path = Alert.swift; sourceTree = "<group>"; };
		A626D4D825D6824D00A87687 /* WorkoutsCoreData.xcdatamodel */ = {isa = PBXFileReference; lastKnownFileType = wrapper.xcdatamodel; path = WorkoutsCoreData.xcdatamodel; sourceTree = "<group>"; };
		A626D4DB25D682B100A87687 /* Persistence.swift */ = {isa = PBXFileReference; lastKnownFileType = sourcecode.swift; path = Persistence.swift; sourceTree = "<group>"; };
		A62A567F25D12EF600FF2E33 /* Stopwatch.swift */ = {isa = PBXFileReference; lastKnownFileType = sourcecode.swift; path = Stopwatch.swift; sourceTree = "<group>"; };
		A62A568225D134F800FF2E33 /* Utils.swift */ = {isa = PBXFileReference; lastKnownFileType = sourcecode.swift; path = Utils.swift; sourceTree = "<group>"; };
		A62A568E25D1466C00FF2E33 /* LapModel.swift */ = {isa = PBXFileReference; lastKnownFileType = sourcecode.swift; path = LapModel.swift; sourceTree = "<group>"; };
		A63D27FC25E2F70500F9A1EF /* timer_sound.wav */ = {isa = PBXFileReference; lastKnownFileType = audio.wav; path = timer_sound.wav; sourceTree = "<group>"; };
		A63D27FD25E2F70600F9A1EF /* intervaltimer_sound.wav */ = {isa = PBXFileReference; lastKnownFileType = audio.wav; path = intervaltimer_sound.wav; sourceTree = "<group>"; };
		A63D280525E2FD0500F9A1EF /* MediaUtils.swift */ = {isa = PBXFileReference; lastKnownFileType = sourcecode.swift; path = MediaUtils.swift; sourceTree = "<group>"; };
		A65714D525DAEA7200C2231D /* ExercisesView.swift */ = {isa = PBXFileReference; lastKnownFileType = sourcecode.swift; path = ExercisesView.swift; sourceTree = "<group>"; wrapsLines = 1; };
		A6585D9D25CC3234007D2F1E /* StopwatchView.swift */ = {isa = PBXFileReference; lastKnownFileType = sourcecode.swift; path = StopwatchView.swift; sourceTree = "<group>"; };
		A6585DA125CC3246007D2F1E /* TimerView.swift */ = {isa = PBXFileReference; lastKnownFileType = sourcecode.swift; path = TimerView.swift; sourceTree = "<group>"; };
		A6585DA425CC3257007D2F1E /* IntervalTimerView.swift */ = {isa = PBXFileReference; lastKnownFileType = sourcecode.swift; path = IntervalTimerView.swift; sourceTree = "<group>"; };
		A6585DA725CC3269007D2F1E /* PlateCalculatorView.swift */ = {isa = PBXFileReference; lastKnownFileType = sourcecode.swift; path = PlateCalculatorView.swift; sourceTree = "<group>"; };
		A6585DAA25CC327F007D2F1E /* CountView.swift */ = {isa = PBXFileReference; lastKnownFileType = sourcecode.swift; path = CountView.swift; sourceTree = "<group>"; };
		A65FF83125DEFEE30020BA9A /* Round+CoreDataClass.swift */ = {isa = PBXFileReference; lastKnownFileType = sourcecode.swift; path = "Round+CoreDataClass.swift"; sourceTree = "<group>"; };
		A65FF83225DEFEE30020BA9A /* Round+CoreDataProperties.swift */ = {isa = PBXFileReference; lastKnownFileType = sourcecode.swift; path = "Round+CoreDataProperties.swift"; sourceTree = "<group>"; };
		A65FF83325DEFEE30020BA9A /* Workout+CoreDataClass.swift */ = {isa = PBXFileReference; lastKnownFileType = sourcecode.swift; path = "Workout+CoreDataClass.swift"; sourceTree = "<group>"; };
		A65FF83425DEFEE30020BA9A /* Workout+CoreDataProperties.swift */ = {isa = PBXFileReference; lastKnownFileType = sourcecode.swift; path = "Workout+CoreDataProperties.swift"; sourceTree = "<group>"; };
		A6609B4325D5A6350053C765 /* Count.swift */ = {isa = PBXFileReference; lastKnownFileType = sourcecode.swift; path = Count.swift; sourceTree = "<group>"; };
		A675AB4A25C43CA700680A55 /* ExerciseHub.app */ = {isa = PBXFileReference; explicitFileType = wrapper.application; includeInIndex = 0; path = ExerciseHub.app; sourceTree = BUILT_PRODUCTS_DIR; };
		A675AB4D25C43CA700680A55 /* ExerciseHubApp.swift */ = {isa = PBXFileReference; lastKnownFileType = sourcecode.swift; path = ExerciseHubApp.swift; sourceTree = "<group>"; };
		A675AB4F25C43CA700680A55 /* ContentView.swift */ = {isa = PBXFileReference; lastKnownFileType = sourcecode.swift; path = ContentView.swift; sourceTree = "<group>"; };
		A675AB5125C43CA800680A55 /* Assets.xcassets */ = {isa = PBXFileReference; lastKnownFileType = folder.assetcatalog; path = Assets.xcassets; sourceTree = "<group>"; };
		A675AB5425C43CA900680A55 /* Preview Assets.xcassets */ = {isa = PBXFileReference; lastKnownFileType = folder.assetcatalog; path = "Preview Assets.xcassets"; sourceTree = "<group>"; };
		A675AB5625C43CA900680A55 /* Info.plist */ = {isa = PBXFileReference; lastKnownFileType = text.plist.xml; path = Info.plist; sourceTree = "<group>"; };
		A67BDFC625C81388007D5ACD /* ToolsView.swift */ = {isa = PBXFileReference; lastKnownFileType = sourcecode.swift; path = ToolsView.swift; sourceTree = "<group>"; };
		A67BDFCA25C813BC007D5ACD /* WorkoutsView.swift */ = {isa = PBXFileReference; lastKnownFileType = sourcecode.swift; path = WorkoutsView.swift; sourceTree = "<group>"; };
		A67BDFCD25C813CF007D5ACD /* LibraryView.swift */ = {isa = PBXFileReference; lastKnownFileType = sourcecode.swift; path = LibraryView.swift; sourceTree = "<group>"; };
		A68585DA25E5083300E8BDCC /* Exercise+CoreDataClass.swift */ = {isa = PBXFileReference; lastKnownFileType = sourcecode.swift; path = "Exercise+CoreDataClass.swift"; sourceTree = "<group>"; };
		A68585DB25E5083300E8BDCC /* Exercise+CoreDataProperties.swift */ = {isa = PBXFileReference; lastKnownFileType = sourcecode.swift; path = "Exercise+CoreDataProperties.swift"; sourceTree = "<group>"; };
		A68585E525E5225C00E8BDCC /* HeaderView.swift */ = {isa = PBXFileReference; lastKnownFileType = sourcecode.swift; path = HeaderView.swift; sourceTree = "<group>"; };
		A688B64825D29C2F009D10AE /* CountdownTimer.swift */ = {isa = PBXFileReference; lastKnownFileType = sourcecode.swift; path = CountdownTimer.swift; sourceTree = "<group>"; };
		A688B64D25D29EEE009D10AE /* BlankButtonView.swift */ = {isa = PBXFileReference; lastKnownFileType = sourcecode.swift; path = BlankButtonView.swift; sourceTree = "<group>"; };
		A688B65025D2B571009D10AE /* PopoverSetTime.swift */ = {isa = PBXFileReference; lastKnownFileType = sourcecode.swift; path = PopoverSetTime.swift; sourceTree = "<group>"; };
		A69487E825E59A2700FFEC04 /* MyWorkoutsView.swift */ = {isa = PBXFileReference; lastKnownFileType = sourcecode.swift; path = MyWorkoutsView.swift; sourceTree = "<group>"; };
		A69487EB25E59ADB00FFEC04 /* DefaultWorkoutsView.swift */ = {isa = PBXFileReference; lastKnownFileType = sourcecode.swift; path = DefaultWorkoutsView.swift; sourceTree = "<group>"; };
		A69487EE25E5AC4A00FFEC04 /* FetchWorkouts.swift */ = {isa = PBXFileReference; lastKnownFileType = sourcecode.swift; path = FetchWorkouts.swift; sourceTree = "<group>"; };
		A69487F125E5ACC600FFEC04 /* WorkoutModel.swift */ = {isa = PBXFileReference; lastKnownFileType = sourcecode.swift; path = WorkoutModel.swift; sourceTree = "<group>"; };
		A69487F425E5AE2B00FFEC04 /* WorkoutItemView.swift */ = {isa = PBXFileReference; lastKnownFileType = sourcecode.swift; path = WorkoutItemView.swift; sourceTree = "<group>"; };
		A6B68C3D25C9812B009F3493 /* SheetVideo.swift */ = {isa = PBXFileReference; lastKnownFileType = sourcecode.swift; path = SheetVideo.swift; sourceTree = "<group>"; };
		A6BDDDF725D3D0DA00887949 /* SetTimeButtonView.swift */ = {isa = PBXFileReference; lastKnownFileType = sourcecode.swift; path = SetTimeButtonView.swift; sourceTree = "<group>"; };
		A6BDDDFB25D3D65D00887949 /* PlayButtonView.swift */ = {isa = PBXFileReference; lastKnownFileType = sourcecode.swift; path = PlayButtonView.swift; sourceTree = "<group>"; };
		A6BDDE0B25D3E57200887949 /* IntervalTimer.swift */ = {isa = PBXFileReference; lastKnownFileType = sourcecode.swift; path = IntervalTimer.swift; sourceTree = "<group>"; };
		A6CA03D725E1907800B4922A /* WarmUpView.swift */ = {isa = PBXFileReference; lastKnownFileType = sourcecode.swift; path = WarmUpView.swift; sourceTree = "<group>"; };
		A6D3911E25C83F3D00AB4921 /* LibraryModel.swift */ = {isa = PBXFileReference; lastKnownFileType = sourcecode.swift; path = LibraryModel.swift; sourceTree = "<group>"; };
		A6D3912125C83F6800AB4921 /* FetchLibrary.swift */ = {isa = PBXFileReference; lastKnownFileType = sourcecode.swift; path = FetchLibrary.swift; sourceTree = "<group>"; };
		A6D3912625C8400E00AB4921 /* LibraryItemView.swift */ = {isa = PBXFileReference; lastKnownFileType = sourcecode.swift; path = LibraryItemView.swift; sourceTree = "<group>"; };
		A6D7862C25E29A3C00345DE0 /* UserDefaultsUtils.swift */ = {isa = PBXFileReference; lastKnownFileType = sourcecode.swift; path = UserDefaultsUtils.swift; sourceTree = "<group>"; };
/* End PBXFileReference section */

/* Begin PBXFrameworksBuildPhase section */
		A675AB4725C43CA700680A55 /* Frameworks */ = {
			isa = PBXFrameworksBuildPhase;
			buildActionMask = 2147483647;
			files = (
				A63D280C25E30E0000F9A1EF /* SDWebImageSwiftUI in Frameworks */,
			);
			runOnlyForDeploymentPostprocessing = 0;
		};
/* End PBXFrameworksBuildPhase section */

/* Begin PBXGroup section */
		A623D6C325D4897E0077888F /* Plate Calculator */ = {
			isa = PBXGroup;
			children = (
				A6585DA725CC3269007D2F1E /* PlateCalculatorView.swift */,
				A623D6C425D489960077888F /* PlateView.swift */,
			);
			path = "Plate Calculator";
			sourceTree = "<group>";
		};
		A625D2F525DA9FE6001A7C15 /* Workouts */ = {
			isa = PBXGroup;
			children = (
				A69487EB25E59ADB00FFEC04 /* DefaultWorkoutsView.swift */,
				A69487E825E59A2700FFEC04 /* MyWorkoutsView.swift */,
				A6CA03D725E1907800B4922A /* WarmUpView.swift */,
				A69487F425E5AE2B00FFEC04 /* WorkoutItemView.swift */,
				A67BDFCA25C813BC007D5ACD /* WorkoutsView.swift */,
				A69487F825E5B3CC00FFEC04 /* Exercises */,
			);
			path = Workouts;
			sourceTree = "<group>";
		};
		A63D27FB25E2F6D700F9A1EF /* Resources */ = {
			isa = PBXGroup;
			children = (
				A63D27FD25E2F70600F9A1EF /* intervaltimer_sound.wav */,
				A63D27FC25E2F70500F9A1EF /* timer_sound.wav */,
			);
			path = Resources;
			sourceTree = "<group>";
		};
		A6585D9C25CC3215007D2F1E /* Tools */ = {
			isa = PBXGroup;
			children = (
				A6609B4025D5A34D0053C765 /* Count */,
				A623D6C325D4897E0077888F /* Plate Calculator */,
				A6BDDDF225D3D00C00887949 /* Interval Timer */,
				A6BDDDEF25D3CFDA00887949 /* Timer */,
				A688B65325D2B5BF009D10AE /* Stopwatch */,
				A67BDFC625C81388007D5ACD /* ToolsView.swift */,
			);
			path = Tools;
			sourceTree = "<group>";
		};
		A6609B4025D5A34D0053C765 /* Count */ = {
			isa = PBXGroup;
			children = (
				A6585DAA25CC327F007D2F1E /* CountView.swift */,
				A6609B4325D5A6350053C765 /* Count.swift */,
			);
			path = Count;
			sourceTree = "<group>";
		};
		A675AB4125C43CA700680A55 = {
			isa = PBXGroup;
			children = (
				A675AB4C25C43CA700680A55 /* ExerciseHub */,
				A675AB4B25C43CA700680A55 /* Products */,
			);
			sourceTree = "<group>";
		};
		A675AB4B25C43CA700680A55 /* Products */ = {
			isa = PBXGroup;
			children = (
				A675AB4A25C43CA700680A55 /* ExerciseHub.app */,
			);
			name = Products;
			sourceTree = "<group>";
		};
		A675AB4C25C43CA700680A55 /* ExerciseHub */ = {
			isa = PBXGroup;
			children = (
				A675AB5625C43CA900680A55 /* Info.plist */,
				A625D2F725DAA0ED001A7C15 /* Alert.swift */,
				A675AB4D25C43CA700680A55 /* ExerciseHubApp.swift */,
				A63D280525E2FD0500F9A1EF /* MediaUtils.swift */,
				A6D7862C25E29A3C00345DE0 /* UserDefaultsUtils.swift */,
				A62A568225D134F800FF2E33 /* Utils.swift */,
				A675AB5125C43CA800680A55 /* Assets.xcassets */,
				A6D3911C25C83B8900AB4921 /* Data */,
				A67BDFC525C81356007D5ACD /* Models */,
				A675AB5325C43CA900680A55 /* Preview Content */,
				A63D27FB25E2F6D700F9A1EF /* Resources */,
				A67BDFC425C81350007D5ACD /* Views */,
			);
			path = ExerciseHub;
			sourceTree = "<group>";
		};
		A675AB5325C43CA900680A55 /* Preview Content */ = {
			isa = PBXGroup;
			children = (
				A675AB5425C43CA900680A55 /* Preview Assets.xcassets */,
			);
			path = "Preview Content";
			sourceTree = "<group>";
		};
		A67BDFC425C81350007D5ACD /* Views */ = {
			isa = PBXGroup;
			children = (
				A688B64D25D29EEE009D10AE /* BlankButtonView.swift */,
				A675AB4F25C43CA700680A55 /* ContentView.swift */,
				A6BDDDFB25D3D65D00887949 /* PlayButtonView.swift */,
				A6BDDDF725D3D0DA00887949 /* SetTimeButtonView.swift */,
				A6B68C3D25C9812B009F3493 /* SheetVideo.swift */,
				A6D3912425C83FA900AB4921 /* Library */,
				A6585D9C25CC3215007D2F1E /* Tools */,
				A625D2F525DA9FE6001A7C15 /* Workouts */,
			);
			path = Views;
			sourceTree = "<group>";
		};
		A67BDFC525C81356007D5ACD /* Models */ = {
			isa = PBXGroup;
			children = (
				A62A568E25D1466C00FF2E33 /* LapModel.swift */,
				A6D3911E25C83F3D00AB4921 /* LibraryModel.swift */,
				A69487F125E5ACC600FFEC04 /* WorkoutModel.swift */,
			);
			path = Models;
			sourceTree = "<group>";
		};
		A688B65325D2B5BF009D10AE /* Stopwatch */ = {
			isa = PBXGroup;
			children = (
				A62A567F25D12EF600FF2E33 /* Stopwatch.swift */,
				A6585D9D25CC3234007D2F1E /* StopwatchView.swift */,
			);
			path = Stopwatch;
			sourceTree = "<group>";
		};
		A69487F825E5B3CC00FFEC04 /* Exercises */ = {
			isa = PBXGroup;
			children = (
				A6222DA425E44A4000D9AC1C /* ExerciseItemView.swift */,
				A65714D525DAEA7200C2231D /* ExercisesView.swift */,
				A68585E525E5225C00E8BDCC /* HeaderView.swift */,
				A6222D9625E3E26000D9AC1C /* SheetAddExerciseView.swift */,
			);
			path = Exercises;
			sourceTree = "<group>";
		};
		A6BDDDEF25D3CFDA00887949 /* Timer */ = {
			isa = PBXGroup;
			children = (
				A688B65025D2B571009D10AE /* PopoverSetTime.swift */,
				A688B64825D29C2F009D10AE /* CountdownTimer.swift */,
				A6585DA125CC3246007D2F1E /* TimerView.swift */,
			);
			path = Timer;
			sourceTree = "<group>";
		};
		A6BDDDF225D3D00C00887949 /* Interval Timer */ = {
			isa = PBXGroup;
			children = (
				A6585DA425CC3257007D2F1E /* IntervalTimerView.swift */,
				A6BDDE0B25D3E57200887949 /* IntervalTimer.swift */,
			);
			path = "Interval Timer";
			sourceTree = "<group>";
		};
		A6D3911C25C83B8900AB4921 /* Data */ = {
			isa = PBXGroup;
			children = (
				A68585DA25E5083300E8BDCC /* Exercise+CoreDataClass.swift */,
				A68585DB25E5083300E8BDCC /* Exercise+CoreDataProperties.swift */,
				A6D3912125C83F6800AB4921 /* FetchLibrary.swift */,
				A69487EE25E5AC4A00FFEC04 /* FetchWorkouts.swift */,
				A626D4DB25D682B100A87687 /* Persistence.swift */,
				A65FF83125DEFEE30020BA9A /* Round+CoreDataClass.swift */,
				A65FF83225DEFEE30020BA9A /* Round+CoreDataProperties.swift */,
				A65FF83325DEFEE30020BA9A /* Workout+CoreDataClass.swift */,
				A65FF83425DEFEE30020BA9A /* Workout+CoreDataProperties.swift */,
				A626D4D725D6824C00A87687 /* WorkoutsCoreData.xcdatamodeld */,
			);
			path = Data;
			sourceTree = "<group>";
		};
		A6D3912425C83FA900AB4921 /* Library */ = {
			isa = PBXGroup;
			children = (
				A6D3912625C8400E00AB4921 /* LibraryItemView.swift */,
				A67BDFCD25C813CF007D5ACD /* LibraryView.swift */,
			);
			path = Library;
			sourceTree = "<group>";
		};
/* End PBXGroup section */

/* Begin PBXNativeTarget section */
		A675AB4925C43CA700680A55 /* ExerciseHub */ = {
			isa = PBXNativeTarget;
			buildConfigurationList = A675AB5925C43CA900680A55 /* Build configuration list for PBXNativeTarget "ExerciseHub" */;
			buildPhases = (
				A675AB4625C43CA700680A55 /* Sources */,
				A675AB4725C43CA700680A55 /* Frameworks */,
				A675AB4825C43CA700680A55 /* Resources */,
			);
			buildRules = (
			);
			dependencies = (
			);
			name = ExerciseHub;
			packageProductDependencies = (
				A63D280B25E30E0000F9A1EF /* SDWebImageSwiftUI */,
			);
			productName = ExerciseHub;
			productReference = A675AB4A25C43CA700680A55 /* ExerciseHub.app */;
			productType = "com.apple.product-type.application";
		};
/* End PBXNativeTarget section */

/* Begin PBXProject section */
		A675AB4225C43CA700680A55 /* Project object */ = {
			isa = PBXProject;
			attributes = {
				LastSwiftUpdateCheck = 1230;
				LastUpgradeCheck = 1230;
				TargetAttributes = {
					A675AB4925C43CA700680A55 = {
						CreatedOnToolsVersion = 12.3;
					};
				};
			};
			buildConfigurationList = A675AB4525C43CA700680A55 /* Build configuration list for PBXProject "ExerciseHub" */;
			compatibilityVersion = "Xcode 9.3";
			developmentRegion = en;
			hasScannedForEncodings = 0;
			knownRegions = (
				en,
				Base,
			);
			mainGroup = A675AB4125C43CA700680A55;
			packageReferences = (
				A63D280A25E30E0000F9A1EF /* XCRemoteSwiftPackageReference "SDWebImageSwiftUI" */,
			);
			productRefGroup = A675AB4B25C43CA700680A55 /* Products */;
			projectDirPath = "";
			projectRoot = "";
			targets = (
				A675AB4925C43CA700680A55 /* ExerciseHub */,
			);
		};
/* End PBXProject section */

/* Begin PBXResourcesBuildPhase section */
		A675AB4825C43CA700680A55 /* Resources */ = {
			isa = PBXResourcesBuildPhase;
			buildActionMask = 2147483647;
			files = (
				A63D27FE25E2F70600F9A1EF /* timer_sound.wav in Resources */,
				A63D27FF25E2F70600F9A1EF /* intervaltimer_sound.wav in Resources */,
				A675AB5525C43CA900680A55 /* Preview Assets.xcassets in Resources */,
				A675AB5225C43CA800680A55 /* Assets.xcassets in Resources */,
			);
			runOnlyForDeploymentPostprocessing = 0;
		};
/* End PBXResourcesBuildPhase section */

/* Begin PBXSourcesBuildPhase section */
		A675AB4625C43CA700680A55 /* Sources */ = {
			isa = PBXSourcesBuildPhase;
			buildActionMask = 2147483647;
			files = (
				A688B64925D29C2F009D10AE /* CountdownTimer.swift in Sources */,
				A67BDFC725C81388007D5ACD /* ToolsView.swift in Sources */,
				A6D7862D25E29A3C00345DE0 /* UserDefaultsUtils.swift in Sources */,
				A69487F525E5AE2B00FFEC04 /* WorkoutItemView.swift in Sources */,
				A69487EC25E59ADB00FFEC04 /* DefaultWorkoutsView.swift in Sources */,
				A6D3911F25C83F3D00AB4921 /* LibraryModel.swift in Sources */,
				A675AB5025C43CA700680A55 /* ContentView.swift in Sources */,
				A65FF83A25DEFEE30020BA9A /* Workout+CoreDataProperties.swift in Sources */,
				A6585DA825CC3269007D2F1E /* PlateCalculatorView.swift in Sources */,
				A688B65125D2B571009D10AE /* PopoverSetTime.swift in Sources */,
				A626D4D925D6824D00A87687 /* WorkoutsCoreData.xcdatamodeld in Sources */,
				A6D3912225C83F6800AB4921 /* FetchLibrary.swift in Sources */,
				A67BDFCB25C813BC007D5ACD /* WorkoutsView.swift in Sources */,
				A69487E925E59A2700FFEC04 /* MyWorkoutsView.swift in Sources */,
				A6CA03D825E1907800B4922A /* WarmUpView.swift in Sources */,
				A65FF83925DEFEE30020BA9A /* Workout+CoreDataClass.swift in Sources */,
				A62A568F25D1466C00FF2E33 /* LapModel.swift in Sources */,
				A69487F225E5ACC600FFEC04 /* WorkoutModel.swift in Sources */,
				A62A568025D12EF600FF2E33 /* Stopwatch.swift in Sources */,
				A6222DA525E44A4000D9AC1C /* ExerciseItemView.swift in Sources */,
				A625D2F825DAA0ED001A7C15 /* Alert.swift in Sources */,
				A6585DA225CC3246007D2F1E /* TimerView.swift in Sources */,
				A6BDDDFC25D3D65D00887949 /* PlayButtonView.swift in Sources */,
				A62A568325D134F800FF2E33 /* Utils.swift in Sources */,
				A6585DAB25CC327F007D2F1E /* CountView.swift in Sources */,
				A6BDDE0C25D3E57200887949 /* IntervalTimer.swift in Sources */,
				A65714D625DAEA7200C2231D /* ExercisesView.swift in Sources */,
				A65FF83725DEFEE30020BA9A /* Round+CoreDataClass.swift in Sources */,
				A626D4DC25D682B100A87687 /* Persistence.swift in Sources */,
				A6222D9725E3E26000D9AC1C /* SheetAddExerciseView.swift in Sources */,
				A6585D9E25CC3234007D2F1E /* StopwatchView.swift in Sources */,
				A6609B4425D5A6350053C765 /* Count.swift in Sources */,
				A6BDDDF825D3D0DA00887949 /* SetTimeButtonView.swift in Sources */,
				A6B68C3E25C9812B009F3493 /* SheetVideo.swift in Sources */,
				A623D6C525D489960077888F /* PlateView.swift in Sources */,
				A67BDFCE25C813CF007D5ACD /* LibraryView.swift in Sources */,
				A63D280625E2FD0500F9A1EF /* MediaUtils.swift in Sources */,
				A68585E625E5225C00E8BDCC /* HeaderView.swift in Sources */,
				A675AB4E25C43CA700680A55 /* ExerciseHubApp.swift in Sources */,
				A65FF83825DEFEE30020BA9A /* Round+CoreDataProperties.swift in Sources */,
				A69487EF25E5AC4A00FFEC04 /* FetchWorkouts.swift in Sources */,
				A68585DC25E5083300E8BDCC /* Exercise+CoreDataClass.swift in Sources */,
				A6D3912725C8400E00AB4921 /* LibraryItemView.swift in Sources */,
				A68585DD25E5083300E8BDCC /* Exercise+CoreDataProperties.swift in Sources */,
				A6585DA525CC3257007D2F1E /* IntervalTimerView.swift in Sources */,
				A688B64E25D29EEE009D10AE /* BlankButtonView.swift in Sources */,
			);
			runOnlyForDeploymentPostprocessing = 0;
		};
/* End PBXSourcesBuildPhase section */

/* Begin XCBuildConfiguration section */
		A675AB5725C43CA900680A55 /* Debug */ = {
			isa = XCBuildConfiguration;
			buildSettings = {
				ALWAYS_SEARCH_USER_PATHS = NO;
				CLANG_ANALYZER_NONNULL = YES;
				CLANG_ANALYZER_NUMBER_OBJECT_CONVERSION = YES_AGGRESSIVE;
				CLANG_CXX_LANGUAGE_STANDARD = "gnu++14";
				CLANG_CXX_LIBRARY = "libc++";
				CLANG_ENABLE_MODULES = YES;
				CLANG_ENABLE_OBJC_ARC = YES;
				CLANG_ENABLE_OBJC_WEAK = YES;
				CLANG_WARN_BLOCK_CAPTURE_AUTORELEASING = YES;
				CLANG_WARN_BOOL_CONVERSION = YES;
				CLANG_WARN_COMMA = YES;
				CLANG_WARN_CONSTANT_CONVERSION = YES;
				CLANG_WARN_DEPRECATED_OBJC_IMPLEMENTATIONS = YES;
				CLANG_WARN_DIRECT_OBJC_ISA_USAGE = YES_ERROR;
				CLANG_WARN_DOCUMENTATION_COMMENTS = YES;
				CLANG_WARN_EMPTY_BODY = YES;
				CLANG_WARN_ENUM_CONVERSION = YES;
				CLANG_WARN_INFINITE_RECURSION = YES;
				CLANG_WARN_INT_CONVERSION = YES;
				CLANG_WARN_NON_LITERAL_NULL_CONVERSION = YES;
				CLANG_WARN_OBJC_IMPLICIT_RETAIN_SELF = YES;
				CLANG_WARN_OBJC_LITERAL_CONVERSION = YES;
				CLANG_WARN_OBJC_ROOT_CLASS = YES_ERROR;
				CLANG_WARN_QUOTED_INCLUDE_IN_FRAMEWORK_HEADER = YES;
				CLANG_WARN_RANGE_LOOP_ANALYSIS = YES;
				CLANG_WARN_STRICT_PROTOTYPES = YES;
				CLANG_WARN_SUSPICIOUS_MOVE = YES;
				CLANG_WARN_UNGUARDED_AVAILABILITY = YES_AGGRESSIVE;
				CLANG_WARN_UNREACHABLE_CODE = YES;
				CLANG_WARN__DUPLICATE_METHOD_MATCH = YES;
				COPY_PHASE_STRIP = NO;
				DEBUG_INFORMATION_FORMAT = dwarf;
				ENABLE_STRICT_OBJC_MSGSEND = YES;
				ENABLE_TESTABILITY = YES;
				GCC_C_LANGUAGE_STANDARD = gnu11;
				GCC_DYNAMIC_NO_PIC = NO;
				GCC_NO_COMMON_BLOCKS = YES;
				GCC_OPTIMIZATION_LEVEL = 0;
				GCC_PREPROCESSOR_DEFINITIONS = (
					"DEBUG=1",
					"$(inherited)",
				);
				GCC_WARN_64_TO_32_BIT_CONVERSION = YES;
				GCC_WARN_ABOUT_RETURN_TYPE = YES_ERROR;
				GCC_WARN_UNDECLARED_SELECTOR = YES;
				GCC_WARN_UNINITIALIZED_AUTOS = YES_AGGRESSIVE;
				GCC_WARN_UNUSED_FUNCTION = YES;
				GCC_WARN_UNUSED_VARIABLE = YES;
				IPHONEOS_DEPLOYMENT_TARGET = 14.0;
				MTL_ENABLE_DEBUG_INFO = INCLUDE_SOURCE;
				MTL_FAST_MATH = YES;
				ONLY_ACTIVE_ARCH = YES;
				SDKROOT = iphoneos;
				SWIFT_ACTIVE_COMPILATION_CONDITIONS = DEBUG;
				SWIFT_OPTIMIZATION_LEVEL = "-Onone";
			};
			name = Debug;
		};
		A675AB5825C43CA900680A55 /* Release */ = {
			isa = XCBuildConfiguration;
			buildSettings = {
				ALWAYS_SEARCH_USER_PATHS = NO;
				CLANG_ANALYZER_NONNULL = YES;
				CLANG_ANALYZER_NUMBER_OBJECT_CONVERSION = YES_AGGRESSIVE;
				CLANG_CXX_LANGUAGE_STANDARD = "gnu++14";
				CLANG_CXX_LIBRARY = "libc++";
				CLANG_ENABLE_MODULES = YES;
				CLANG_ENABLE_OBJC_ARC = YES;
				CLANG_ENABLE_OBJC_WEAK = YES;
				CLANG_WARN_BLOCK_CAPTURE_AUTORELEASING = YES;
				CLANG_WARN_BOOL_CONVERSION = YES;
				CLANG_WARN_COMMA = YES;
				CLANG_WARN_CONSTANT_CONVERSION = YES;
				CLANG_WARN_DEPRECATED_OBJC_IMPLEMENTATIONS = YES;
				CLANG_WARN_DIRECT_OBJC_ISA_USAGE = YES_ERROR;
				CLANG_WARN_DOCUMENTATION_COMMENTS = YES;
				CLANG_WARN_EMPTY_BODY = YES;
				CLANG_WARN_ENUM_CONVERSION = YES;
				CLANG_WARN_INFINITE_RECURSION = YES;
				CLANG_WARN_INT_CONVERSION = YES;
				CLANG_WARN_NON_LITERAL_NULL_CONVERSION = YES;
				CLANG_WARN_OBJC_IMPLICIT_RETAIN_SELF = YES;
				CLANG_WARN_OBJC_LITERAL_CONVERSION = YES;
				CLANG_WARN_OBJC_ROOT_CLASS = YES_ERROR;
				CLANG_WARN_QUOTED_INCLUDE_IN_FRAMEWORK_HEADER = YES;
				CLANG_WARN_RANGE_LOOP_ANALYSIS = YES;
				CLANG_WARN_STRICT_PROTOTYPES = YES;
				CLANG_WARN_SUSPICIOUS_MOVE = YES;
				CLANG_WARN_UNGUARDED_AVAILABILITY = YES_AGGRESSIVE;
				CLANG_WARN_UNREACHABLE_CODE = YES;
				CLANG_WARN__DUPLICATE_METHOD_MATCH = YES;
				COPY_PHASE_STRIP = NO;
				DEBUG_INFORMATION_FORMAT = "dwarf-with-dsym";
				ENABLE_NS_ASSERTIONS = NO;
				ENABLE_STRICT_OBJC_MSGSEND = YES;
				GCC_C_LANGUAGE_STANDARD = gnu11;
				GCC_NO_COMMON_BLOCKS = YES;
				GCC_WARN_64_TO_32_BIT_CONVERSION = YES;
				GCC_WARN_ABOUT_RETURN_TYPE = YES_ERROR;
				GCC_WARN_UNDECLARED_SELECTOR = YES;
				GCC_WARN_UNINITIALIZED_AUTOS = YES_AGGRESSIVE;
				GCC_WARN_UNUSED_FUNCTION = YES;
				GCC_WARN_UNUSED_VARIABLE = YES;
				IPHONEOS_DEPLOYMENT_TARGET = 14.0;
				MTL_ENABLE_DEBUG_INFO = NO;
				MTL_FAST_MATH = YES;
				SDKROOT = iphoneos;
				SWIFT_COMPILATION_MODE = wholemodule;
				SWIFT_OPTIMIZATION_LEVEL = "-O";
				VALIDATE_PRODUCT = YES;
			};
			name = Release;
		};
		A675AB5A25C43CA900680A55 /* Debug */ = {
			isa = XCBuildConfiguration;
			buildSettings = {
				ASSETCATALOG_COMPILER_APPICON_NAME = AppIcon;
				ASSETCATALOG_COMPILER_GLOBAL_ACCENT_COLOR_NAME = AccentColor;
				CODE_SIGN_STYLE = Automatic;
				DEVELOPMENT_ASSET_PATHS = "\"ExerciseHub/Preview Content\"";
				DEVELOPMENT_TEAM = WF2C4AXSK3;
				ENABLE_PREVIEWS = YES;
				INFOPLIST_FILE = ExerciseHub/Info.plist;
				IPHONEOS_DEPLOYMENT_TARGET = 14.0;
				LD_RUNPATH_SEARCH_PATHS = (
					"$(inherited)",
					"@executable_path/Frameworks",
				);
				PRODUCT_BUNDLE_IDENTIFIER = com.walmin.ios.ExerciseHub;
				PRODUCT_NAME = "$(TARGET_NAME)";
				SWIFT_VERSION = 5.0;
				TARGETED_DEVICE_FAMILY = "1,2";
			};
			name = Debug;
		};
		A675AB5B25C43CA900680A55 /* Release */ = {
			isa = XCBuildConfiguration;
			buildSettings = {
				ASSETCATALOG_COMPILER_APPICON_NAME = AppIcon;
				ASSETCATALOG_COMPILER_GLOBAL_ACCENT_COLOR_NAME = AccentColor;
				CODE_SIGN_STYLE = Automatic;
				DEVELOPMENT_ASSET_PATHS = "\"ExerciseHub/Preview Content\"";
				DEVELOPMENT_TEAM = WF2C4AXSK3;
				ENABLE_PREVIEWS = YES;
				INFOPLIST_FILE = ExerciseHub/Info.plist;
				IPHONEOS_DEPLOYMENT_TARGET = 14.0;
				LD_RUNPATH_SEARCH_PATHS = (
					"$(inherited)",
					"@executable_path/Frameworks",
				);
				PRODUCT_BUNDLE_IDENTIFIER = com.walmin.ios.ExerciseHub;
				PRODUCT_NAME = "$(TARGET_NAME)";
				SWIFT_VERSION = 5.0;
				TARGETED_DEVICE_FAMILY = "1,2";
			};
			name = Release;
		};
/* End XCBuildConfiguration section */

/* Begin XCConfigurationList section */
		A675AB4525C43CA700680A55 /* Build configuration list for PBXProject "ExerciseHub" */ = {
			isa = XCConfigurationList;
			buildConfigurations = (
				A675AB5725C43CA900680A55 /* Debug */,
				A675AB5825C43CA900680A55 /* Release */,
			);
			defaultConfigurationIsVisible = 0;
			defaultConfigurationName = Release;
		};
		A675AB5925C43CA900680A55 /* Build configuration list for PBXNativeTarget "ExerciseHub" */ = {
			isa = XCConfigurationList;
			buildConfigurations = (
				A675AB5A25C43CA900680A55 /* Debug */,
				A675AB5B25C43CA900680A55 /* Release */,
			);
			defaultConfigurationIsVisible = 0;
			defaultConfigurationName = Release;
		};
/* End XCConfigurationList section */

/* Begin XCRemoteSwiftPackageReference section */
		A63D280A25E30E0000F9A1EF /* XCRemoteSwiftPackageReference "SDWebImageSwiftUI" */ = {
			isa = XCRemoteSwiftPackageReference;
			repositoryURL = "https://github.com/SDWebImage/SDWebImageSwiftUI.git";
			requirement = {
				kind = upToNextMajorVersion;
				minimumVersion = 1.5.0;
			};
		};
/* End XCRemoteSwiftPackageReference section */

/* Begin XCSwiftPackageProductDependency section */
		A63D280B25E30E0000F9A1EF /* SDWebImageSwiftUI */ = {
			isa = XCSwiftPackageProductDependency;
			package = A63D280A25E30E0000F9A1EF /* XCRemoteSwiftPackageReference "SDWebImageSwiftUI" */;
			productName = SDWebImageSwiftUI;
		};
/* End XCSwiftPackageProductDependency section */

/* Begin XCVersionGroup section */
		A626D4D725D6824C00A87687 /* WorkoutsCoreData.xcdatamodeld */ = {
			isa = XCVersionGroup;
			children = (
				A626D4D825D6824D00A87687 /* WorkoutsCoreData.xcdatamodel */,
			);
			currentVersion = A626D4D825D6824D00A87687 /* WorkoutsCoreData.xcdatamodel */;
			path = WorkoutsCoreData.xcdatamodeld;
			sourceTree = "<group>";
			versionGroupType = wrapper.xcdatamodel;
		};
/* End XCVersionGroup section */
	};
	rootObject = A675AB4225C43CA700680A55 /* Project object */;
}
